
Microsoft Visual Studio Solution File, Format Version 12.00
# Visual Studio Version 17
VisualStudioVersion = 17.14.36310.24
MinimumVisualStudioVersion = 10.0.40219.1
Project("{FAE04EC0-301F-11D3-BF4B-00C04F79EFBC}") = "OnlineShopping_BIT_2025", "OnlineShopping_BIT_2025\OnlineShopping_BIT_2025.csproj", "{07184BFD-7AE5-4D5D-9D12-3FCA3C41D492}"
EndProject
Project("{FAE04EC0-301F-11D3-BF4B-00C04F79EFBC}") = "OnlineShopping.WebAPI", "OnlineShopping.WebAPI\OnlineShopping.WebAPI.csproj", "{93A9A5BD-6390-4F89-88E7-B7193F284BD5}"
EndProject
Project("{FAE04EC0-301F-11D3-BF4B-00C04F79EFBC}") = "OnlineShopping.Core", "OnlineShopping.Core\OnlineShopping.Core.csproj", "{E10DBA67-44F9-4D44-8639-2F494689F5FB}"
EndProject
Global
	GlobalSection(SolutionConfigurationPlatforms) = preSolution
		Debug|Any CPU = Debug|Any CPU
		Release|Any CPU = Release|Any CPU
	EndGlobalSection
	GlobalSection(ProjectConfigurationPlatforms) = postSolution
		{07184BFD-7AE5-4D5D-9D12-3FCA3C41D492}.Debug|Any CPU.ActiveCfg = Debug|Any CPU
		{07184BFD-7AE5-4D5D-9D12-3FCA3C41D492}.Debug|Any CPU.Build.0 = Debug|Any CPU
		{07184BFD-7AE5-4D5D-9D12-3FCA3C41D492}.Release|Any CPU.ActiveCfg = Release|Any CPU
		{07184BFD-7AE5-4D5D-9D12-3FCA3C41D492}.Release|Any CPU.Build.0 = Release|Any CPU
		{93A9A5BD-6390-4F89-88E7-B7193F284BD5}.Debug|Any CPU.ActiveCfg = Debug|Any CPU
		{93A9A5BD-6390-4F89-88E7-B7193F284BD5}.Debug|Any CPU.Build.0 = Debug|Any CPU
		{93A9A5BD-6390-4F89-88E7-B7193F284BD5}.Release|Any CPU.ActiveCfg = Release|Any CPU
		{93A9A5BD-6390-4F89-88E7-B7193F284BD5}.Release|Any CPU.Build.0 = Release|Any CPU
		{E10DBA67-44F9-4D44-8639-2F494689F5FB}.Debug|Any CPU.ActiveCfg = Debug|Any CPU
		{E10DBA67-44F9-4D44-8639-2F494689F5FB}.Debug|Any CPU.Build.0 = Debug|Any CPU
		{E10DBA67-44F9-4D44-8639-2F494689F5FB}.Release|Any CPU.ActiveCfg = Release|Any CPU
		{E10DBA67-44F9-4D44-8639-2F494689F5FB}.Release|Any CPU.Build.0 = Release|Any CPU
	EndGlobalSection
	GlobalSection(SolutionProperties) = preSolution
		HideSolutionNode = FALSE
	EndGlobalSection
	GlobalSection(ExtensibilityGlobals) = postSolution
		SolutionGuid = {47A72969-211A-48B5-B09E-3D4E1965C3EB}
	EndGlobalSection
EndGlobal
